
Microsoft Visual Studio Solution File, Format Version 12.00
# Visual Studio 2013
Project("{FAE04EC0-301F-11D3-BF4B-00C04F79EFBC}") = "UnityVS.2D Movement.CSharp", "UnityVS.2D Movement.CSharp.csproj", "{A93316A9-EC06-5D9F-FFFE-72363A02443C}"
EndProject
Global
	GlobalSection(SolutionConfigurationPlatforms) = preSolution
		Debug|Any CPU = Debug|Any CPU
		Release|Any CPU = Release|Any CPU
	EndGlobalSection
	GlobalSection(ProjectConfigurationPlatforms) = postSolution
		{A93316A9-EC06-5D9F-FFFE-72363A02443C}.Debug|Any CPU.ActiveCfg = Debug|Any CPU
		{A93316A9-EC06-5D9F-FFFE-72363A02443C}.Debug|Any CPU.Build.0 = Debug|Any CPU
		{A93316A9-EC06-5D9F-FFFE-72363A02443C}.Release|Any CPU.ActiveCfg = Release|Any CPU
		{A93316A9-EC06-5D9F-FFFE-72363A02443C}.Release|Any CPU.Build.0 = Release|Any CPU
	EndGlobalSection
	GlobalSection(SolutionProperties) = preSolution
		HideSolutionNode = FALSE
	EndGlobalSection
EndGlobal
